// !$*UTF8*$!
{
	archiveVersion = 1;
	classes = {
	};
	objectVersion = 55;
	objects = {

/* Begin PBXBuildFile section */
		6994F1F828B44CD300CE3F55 /* Tests_iOS.swift in Sources */ = {isa = PBXBuildFile; fileRef = 6994F1F728B44CD300CE3F55 /* Tests_iOS.swift */; };
		6994F1FA28B44CD300CE3F55 /* Tests_iOSLaunchTests.swift in Sources */ = {isa = PBXBuildFile; fileRef = 6994F1F928B44CD300CE3F55 /* Tests_iOSLaunchTests.swift */; };
		6994F20428B44CD300CE3F55 /* Tests_macOS.swift in Sources */ = {isa = PBXBuildFile; fileRef = 6994F20328B44CD300CE3F55 /* Tests_macOS.swift */; };
		6994F20628B44CD300CE3F55 /* Tests_macOSLaunchTests.swift in Sources */ = {isa = PBXBuildFile; fileRef = 6994F20528B44CD300CE3F55 /* Tests_macOSLaunchTests.swift */; };
		6994F20728B44CD300CE3F55 /* VolleyLinkApp.swift in Sources */ = {isa = PBXBuildFile; fileRef = 6994F1DF28B44CCF00CE3F55 /* VolleyLinkApp.swift */; };
		6994F20828B44CD300CE3F55 /* VolleyLinkApp.swift in Sources */ = {isa = PBXBuildFile; fileRef = 6994F1DF28B44CCF00CE3F55 /* VolleyLinkApp.swift */; };
		6994F20928B44CD300CE3F55 /* ContentView.swift in Sources */ = {isa = PBXBuildFile; fileRef = 6994F1E028B44CCF00CE3F55 /* ContentView.swift */; };
		6994F20A28B44CD300CE3F55 /* ContentView.swift in Sources */ = {isa = PBXBuildFile; fileRef = 6994F1E028B44CCF00CE3F55 /* ContentView.swift */; };
		6994F20B28B44CD300CE3F55 /* Assets.xcassets in Resources */ = {isa = PBXBuildFile; fileRef = 6994F1E128B44CD200CE3F55 /* Assets.xcassets */; };
		6994F20C28B44CD300CE3F55 /* Assets.xcassets in Resources */ = {isa = PBXBuildFile; fileRef = 6994F1E128B44CD200CE3F55 /* Assets.xcassets */; };
		69C18D4728B50EAB00167C3B /* HomePageView.swift in Sources */ = {isa = PBXBuildFile; fileRef = 69C18D4628B50EAB00167C3B /* HomePageView.swift */; };
		69C18D4828B50EAB00167C3B /* HomePageView.swift in Sources */ = {isa = PBXBuildFile; fileRef = 69C18D4628B50EAB00167C3B /* HomePageView.swift */; };
		69C18D4B28B512D600167C3B /* SignUpView.swift in Sources */ = {isa = PBXBuildFile; fileRef = 69C18D4A28B512D600167C3B /* SignUpView.swift */; };
		69C18D4C28B512D600167C3B /* SignUpView.swift in Sources */ = {isa = PBXBuildFile; fileRef = 69C18D4A28B512D600167C3B /* SignUpView.swift */; };
/* End PBXBuildFile section */

/* Begin PBXContainerItemProxy section */
		6994F1F428B44CD300CE3F55 /* PBXContainerItemProxy */ = {
			isa = PBXContainerItemProxy;
			containerPortal = 6994F1DA28B44CCE00CE3F55 /* Project object */;
			proxyType = 1;
			remoteGlobalIDString = 6994F1E528B44CD200CE3F55;
			remoteInfo = "VolleyLink (iOS)";
		};
		6994F20028B44CD300CE3F55 /* PBXContainerItemProxy */ = {
			isa = PBXContainerItemProxy;
			containerPortal = 6994F1DA28B44CCE00CE3F55 /* Project object */;
			proxyType = 1;
			remoteGlobalIDString = 6994F1EB28B44CD300CE3F55;
			remoteInfo = "VolleyLink (macOS)";
		};
/* End PBXContainerItemProxy section */

/* Begin PBXFileReference section */
		6994F1DF28B44CCF00CE3F55 /* VolleyLinkApp.swift */ = {isa = PBXFileReference; lastKnownFileType = sourcecode.swift; path = VolleyLinkApp.swift; sourceTree = "<group>"; };
		6994F1E028B44CCF00CE3F55 /* ContentView.swift */ = {isa = PBXFileReference; lastKnownFileType = sourcecode.swift; path = ContentView.swift; sourceTree = "<group>"; };
		6994F1E128B44CD200CE3F55 /* Assets.xcassets */ = {isa = PBXFileReference; lastKnownFileType = folder.assetcatalog; path = Assets.xcassets; sourceTree = "<group>"; };
		6994F1E628B44CD300CE3F55 /* VolleyLink.app */ = {isa = PBXFileReference; explicitFileType = wrapper.application; includeInIndex = 0; path = VolleyLink.app; sourceTree = BUILT_PRODUCTS_DIR; };
		6994F1EC28B44CD300CE3F55 /* VolleyLink.app */ = {isa = PBXFileReference; explicitFileType = wrapper.application; includeInIndex = 0; path = VolleyLink.app; sourceTree = BUILT_PRODUCTS_DIR; };
		6994F1EE28B44CD300CE3F55 /* macOS.entitlements */ = {isa = PBXFileReference; lastKnownFileType = text.plist.entitlements; path = macOS.entitlements; sourceTree = "<group>"; };
		6994F1F328B44CD300CE3F55 /* Tests iOS.xctest */ = {isa = PBXFileReference; explicitFileType = wrapper.cfbundle; includeInIndex = 0; path = "Tests iOS.xctest"; sourceTree = BUILT_PRODUCTS_DIR; };
		6994F1F728B44CD300CE3F55 /* Tests_iOS.swift */ = {isa = PBXFileReference; lastKnownFileType = sourcecode.swift; path = Tests_iOS.swift; sourceTree = "<group>"; };
		6994F1F928B44CD300CE3F55 /* Tests_iOSLaunchTests.swift */ = {isa = PBXFileReference; lastKnownFileType = sourcecode.swift; path = Tests_iOSLaunchTests.swift; sourceTree = "<group>"; };
		6994F1FF28B44CD300CE3F55 /* Tests macOS.xctest */ = {isa = PBXFileReference; explicitFileType = wrapper.cfbundle; includeInIndex = 0; path = "Tests macOS.xctest"; sourceTree = BUILT_PRODUCTS_DIR; };
		6994F20328B44CD300CE3F55 /* Tests_macOS.swift */ = {isa = PBXFileReference; lastKnownFileType = sourcecode.swift; path = Tests_macOS.swift; sourceTree = "<group>"; };
		6994F20528B44CD300CE3F55 /* Tests_macOSLaunchTests.swift */ = {isa = PBXFileReference; lastKnownFileType = sourcecode.swift; path = Tests_macOSLaunchTests.swift; sourceTree = "<group>"; };
		69C18D4628B50EAB00167C3B /* HomePageView.swift */ = {isa = PBXFileReference; lastKnownFileType = sourcecode.swift; path = HomePageView.swift; sourceTree = "<group>"; };
		69C18D4A28B512D600167C3B /* SignUpView.swift */ = {isa = PBXFileReference; lastKnownFileType = sourcecode.swift; path = SignUpView.swift; sourceTree = "<group>"; };
/* End PBXFileReference section */

/* Begin PBXFrameworksBuildPhase section */
		6994F1E328B44CD200CE3F55 /* Frameworks */ = {
			isa = PBXFrameworksBuildPhase;
			buildActionMask = 2147483647;
			files = (
			);
			runOnlyForDeploymentPostprocessing = 0;
		};
		6994F1E928B44CD300CE3F55 /* Frameworks */ = {
			isa = PBXFrameworksBuildPhase;
			buildActionMask = 2147483647;
			files = (
			);
			runOnlyForDeploymentPostprocessing = 0;
		};
		6994F1F028B44CD300CE3F55 /* Frameworks */ = {
			isa = PBXFrameworksBuildPhase;
			buildActionMask = 2147483647;
			files = (
			);
			runOnlyForDeploymentPostprocessing = 0;
		};
		6994F1FC28B44CD300CE3F55 /* Frameworks */ = {
			isa = PBXFrameworksBuildPhase;
			buildActionMask = 2147483647;
			files = (
			);
			runOnlyForDeploymentPostprocessing = 0;
		};
/* End PBXFrameworksBuildPhase section */

/* Begin PBXGroup section */
		6994F1D928B44CCE00CE3F55 = {
			isa = PBXGroup;
			children = (
				6994F1DE28B44CCF00CE3F55 /* Shared */,
				6994F1ED28B44CD300CE3F55 /* macOS */,
				6994F1F628B44CD300CE3F55 /* Tests iOS */,
				6994F20228B44CD300CE3F55 /* Tests macOS */,
				6994F1E728B44CD300CE3F55 /* Products */,
			);
			sourceTree = "<group>";
		};
		6994F1DE28B44CCF00CE3F55 /* Shared */ = {
			isa = PBXGroup;
			children = (
				6994F1DF28B44CCF00CE3F55 /* VolleyLinkApp.swift */,
				69C18D4928B50EF000167C3B /* Views */,
				6994F1E128B44CD200CE3F55 /* Assets.xcassets */,
			);
			path = Shared;
			sourceTree = "<group>";
		};
		6994F1E728B44CD300CE3F55 /* Products */ = {
			isa = PBXGroup;
			children = (
				6994F1E628B44CD300CE3F55 /* VolleyLink.app */,
				6994F1EC28B44CD300CE3F55 /* VolleyLink.app */,
				6994F1F328B44CD300CE3F55 /* Tests iOS.xctest */,
				6994F1FF28B44CD300CE3F55 /* Tests macOS.xctest */,
			);
			name = Products;
			sourceTree = "<group>";
		};
		6994F1ED28B44CD300CE3F55 /* macOS */ = {
			isa = PBXGroup;
			children = (
				6994F1EE28B44CD300CE3F55 /* macOS.entitlements */,
			);
			path = macOS;
			sourceTree = "<group>";
		};
		6994F1F628B44CD300CE3F55 /* Tests iOS */ = {
			isa = PBXGroup;
			children = (
				6994F1F728B44CD300CE3F55 /* Tests_iOS.swift */,
				6994F1F928B44CD300CE3F55 /* Tests_iOSLaunchTests.swift */,
			);
			path = "Tests iOS";
			sourceTree = "<group>";
		};
		6994F20228B44CD300CE3F55 /* Tests macOS */ = {
			isa = PBXGroup;
			children = (
				6994F20328B44CD300CE3F55 /* Tests_macOS.swift */,
				6994F20528B44CD300CE3F55 /* Tests_macOSLaunchTests.swift */,
			);
			path = "Tests macOS";
			sourceTree = "<group>";
		};
		69C18D4928B50EF000167C3B /* Views */ = {
			isa = PBXGroup;
			children = (
				6994F1E028B44CCF00CE3F55 /* ContentView.swift */,
				69C18D4A28B512D600167C3B /* SignUpView.swift */,
				69C18D4628B50EAB00167C3B /* HomePageView.swift */,
			);
			path = Views;
			sourceTree = "<group>";
		};
/* End PBXGroup section */

/* Begin PBXNativeTarget section */
		6994F1E528B44CD200CE3F55 /* VolleyLink (iOS) */ = {
			isa = PBXNativeTarget;
			buildConfigurationList = 6994F20F28B44CD300CE3F55 /* Build configuration list for PBXNativeTarget "VolleyLink (iOS)" */;
			buildPhases = (
				6994F1E228B44CD200CE3F55 /* Sources */,
				6994F1E328B44CD200CE3F55 /* Frameworks */,
				6994F1E428B44CD200CE3F55 /* Resources */,
			);
			buildRules = (
			);
			dependencies = (
			);
			name = "VolleyLink (iOS)";
			productName = "VolleyLink (iOS)";
			productReference = 6994F1E628B44CD300CE3F55 /* VolleyLink.app */;
			productType = "com.apple.product-type.application";
		};
		6994F1EB28B44CD300CE3F55 /* VolleyLink (macOS) */ = {
			isa = PBXNativeTarget;
			buildConfigurationList = 6994F21228B44CD300CE3F55 /* Build configuration list for PBXNativeTarget "VolleyLink (macOS)" */;
			buildPhases = (
				6994F1E828B44CD300CE3F55 /* Sources */,
				6994F1E928B44CD300CE3F55 /* Frameworks */,
				6994F1EA28B44CD300CE3F55 /* Resources */,
			);
			buildRules = (
			);
			dependencies = (
			);
			name = "VolleyLink (macOS)";
			productName = "VolleyLink (macOS)";
			productReference = 6994F1EC28B44CD300CE3F55 /* VolleyLink.app */;
			productType = "com.apple.product-type.application";
		};
		6994F1F228B44CD300CE3F55 /* Tests iOS */ = {
			isa = PBXNativeTarget;
			buildConfigurationList = 6994F21528B44CD300CE3F55 /* Build configuration list for PBXNativeTarget "Tests iOS" */;
			buildPhases = (
				6994F1EF28B44CD300CE3F55 /* Sources */,
				6994F1F028B44CD300CE3F55 /* Frameworks */,
				6994F1F128B44CD300CE3F55 /* Resources */,
			);
			buildRules = (
			);
			dependencies = (
				6994F1F528B44CD300CE3F55 /* PBXTargetDependency */,
			);
			name = "Tests iOS";
			productName = "Tests iOS";
			productReference = 6994F1F328B44CD300CE3F55 /* Tests iOS.xctest */;
			productType = "com.apple.product-type.bundle.ui-testing";
		};
		6994F1FE28B44CD300CE3F55 /* Tests macOS */ = {
			isa = PBXNativeTarget;
			buildConfigurationList = 6994F21828B44CD300CE3F55 /* Build configuration list for PBXNativeTarget "Tests macOS" */;
			buildPhases = (
				6994F1FB28B44CD300CE3F55 /* Sources */,
				6994F1FC28B44CD300CE3F55 /* Frameworks */,
				6994F1FD28B44CD300CE3F55 /* Resources */,
			);
			buildRules = (
			);
			dependencies = (
				6994F20128B44CD300CE3F55 /* PBXTargetDependency */,
			);
			name = "Tests macOS";
			productName = "Tests macOS";
			productReference = 6994F1FF28B44CD300CE3F55 /* Tests macOS.xctest */;
			productType = "com.apple.product-type.bundle.ui-testing";
		};
/* End PBXNativeTarget section */

/* Begin PBXProject section */
		6994F1DA28B44CCE00CE3F55 /* Project object */ = {
			isa = PBXProject;
			attributes = {
				BuildIndependentTargetsInParallel = 1;
				LastSwiftUpdateCheck = 1340;
				LastUpgradeCheck = 1340;
				TargetAttributes = {
					6994F1E528B44CD200CE3F55 = {
						CreatedOnToolsVersion = 13.4.1;
					};
					6994F1EB28B44CD300CE3F55 = {
						CreatedOnToolsVersion = 13.4.1;
					};
					6994F1F228B44CD300CE3F55 = {
						CreatedOnToolsVersion = 13.4.1;
						TestTargetID = 6994F1E528B44CD200CE3F55;
					};
					6994F1FE28B44CD300CE3F55 = {
						CreatedOnToolsVersion = 13.4.1;
						TestTargetID = 6994F1EB28B44CD300CE3F55;
					};
				};
			};
			buildConfigurationList = 6994F1DD28B44CCE00CE3F55 /* Build configuration list for PBXProject "VolleyLink" */;
			compatibilityVersion = "Xcode 13.0";
			developmentRegion = en;
			hasScannedForEncodings = 0;
			knownRegions = (
				en,
				Base,
			);
			mainGroup = 6994F1D928B44CCE00CE3F55;
			productRefGroup = 6994F1E728B44CD300CE3F55 /* Products */;
			projectDirPath = "";
			projectRoot = "";
			targets = (
				6994F1E528B44CD200CE3F55 /* VolleyLink (iOS) */,
				6994F1EB28B44CD300CE3F55 /* VolleyLink (macOS) */,
				6994F1F228B44CD300CE3F55 /* Tests iOS */,
				6994F1FE28B44CD300CE3F55 /* Tests macOS */,
			);
		};
/* End PBXProject section */

/* Begin PBXResourcesBuildPhase section */
		6994F1E428B44CD200CE3F55 /* Resources */ = {
			isa = PBXResourcesBuildPhase;
			buildActionMask = 2147483647;
			files = (
				6994F20B28B44CD300CE3F55 /* Assets.xcassets in Resources */,
			);
			runOnlyForDeploymentPostprocessing = 0;
		};
		6994F1EA28B44CD300CE3F55 /* Resources */ = {
			isa = PBXResourcesBuildPhase;
			buildActionMask = 2147483647;
			files = (
				6994F20C28B44CD300CE3F55 /* Assets.xcassets in Resources */,
			);
			runOnlyForDeploymentPostprocessing = 0;
		};
		6994F1F128B44CD300CE3F55 /* Resources */ = {
			isa = PBXResourcesBuildPhase;
			buildActionMask = 2147483647;
			files = (
			);
			runOnlyForDeploymentPostprocessing = 0;
		};
		6994F1FD28B44CD300CE3F55 /* Resources */ = {
			isa = PBXResourcesBuildPhase;
			buildActionMask = 2147483647;
			files = (
			);
			runOnlyForDeploymentPostprocessing = 0;
		};
/* End PBXResourcesBuildPhase section */

/* Begin PBXSourcesBuildPhase section */
		6994F1E228B44CD200CE3F55 /* Sources */ = {
			isa = PBXSourcesBuildPhase;
			buildActionMask = 2147483647;
			files = (
				69C18D4B28B512D600167C3B /* SignUpView.swift in Sources */,
				6994F20928B44CD300CE3F55 /* ContentView.swift in Sources */,
				69C18D4728B50EAB00167C3B /* HomePageView.swift in Sources */,
				6994F20728B44CD300CE3F55 /* VolleyLinkApp.swift in Sources */,
			);
			runOnlyForDeploymentPostprocessing = 0;
		};
		6994F1E828B44CD300CE3F55 /* Sources */ = {
			isa = PBXSourcesBuildPhase;
			buildActionMask = 2147483647;
			files = (
				69C18D4C28B512D600167C3B /* SignUpView.swift in Sources */,
				6994F20A28B44CD300CE3F55 /* ContentView.swift in Sources */,
				69C18D4828B50EAB00167C3B /* HomePageView.swift in Sources */,
				6994F20828B44CD300CE3F55 /* VolleyLinkApp.swift in Sources */,
			);
			runOnlyForDeploymentPostprocessing = 0;
		};
		6994F1EF28B44CD300CE3F55 /* Sources */ = {
			isa = PBXSourcesBuildPhase;
			buildActionMask = 2147483647;
			files = (
				6994F1FA28B44CD300CE3F55 /* Tests_iOSLaunchTests.swift in Sources */,
				6994F1F828B44CD300CE3F55 /* Tests_iOS.swift in Sources */,
			);
			runOnlyForDeploymentPostprocessing = 0;
		};
		6994F1FB28B44CD300CE3F55 /* Sources */ = {
			isa = PBXSourcesBuildPhase;
			buildActionMask = 2147483647;
			files = (
				6994F20628B44CD300CE3F55 /* Tests_macOSLaunchTests.swift in Sources */,
				6994F20428B44CD300CE3F55 /* Tests_macOS.swift in Sources */,
			);
			runOnlyForDeploymentPostprocessing = 0;
		};
/* End PBXSourcesBuildPhase section */

/* Begin PBXTargetDependency section */
		6994F1F528B44CD300CE3F55 /* PBXTargetDependency */ = {
			isa = PBXTargetDependency;
			target = 6994F1E528B44CD200CE3F55 /* VolleyLink (iOS) */;
			targetProxy = 6994F1F428B44CD300CE3F55 /* PBXContainerItemProxy */;
		};
		6994F20128B44CD300CE3F55 /* PBXTargetDependency */ = {
			isa = PBXTargetDependency;
			target = 6994F1EB28B44CD300CE3F55 /* VolleyLink (macOS) */;
			targetProxy = 6994F20028B44CD300CE3F55 /* PBXContainerItemProxy */;
		};
/* End PBXTargetDependency section */

/* Begin XCBuildConfiguration section */
		6994F20D28B44CD300CE3F55 /* Debug */ = {
			isa = XCBuildConfiguration;
			buildSettings = {
				ALWAYS_SEARCH_USER_PATHS = NO;
				CLANG_ANALYZER_NONNULL = YES;
				CLANG_ANALYZER_NUMBER_OBJECT_CONVERSION = YES_AGGRESSIVE;
				CLANG_CXX_LANGUAGE_STANDARD = "gnu++17";
				CLANG_ENABLE_MODULES = YES;
				CLANG_ENABLE_OBJC_ARC = YES;
				CLANG_ENABLE_OBJC_WEAK = YES;
				CLANG_WARN_BLOCK_CAPTURE_AUTORELEASING = YES;
				CLANG_WARN_BOOL_CONVERSION = YES;
				CLANG_WARN_COMMA = YES;
				CLANG_WARN_CONSTANT_CONVERSION = YES;
				CLANG_WARN_DEPRECATED_OBJC_IMPLEMENTATIONS = YES;
				CLANG_WARN_DIRECT_OBJC_ISA_USAGE = YES_ERROR;
				CLANG_WARN_DOCUMENTATION_COMMENTS = YES;
				CLANG_WARN_EMPTY_BODY = YES;
				CLANG_WARN_ENUM_CONVERSION = YES;
				CLANG_WARN_INFINITE_RECURSION = YES;
				CLANG_WARN_INT_CONVERSION = YES;
				CLANG_WARN_NON_LITERAL_NULL_CONVERSION = YES;
				CLANG_WARN_OBJC_IMPLICIT_RETAIN_SELF = YES;
				CLANG_WARN_OBJC_LITERAL_CONVERSION = YES;
				CLANG_WARN_OBJC_ROOT_CLASS = YES_ERROR;
				CLANG_WARN_QUOTED_INCLUDE_IN_FRAMEWORK_HEADER = YES;
				CLANG_WARN_RANGE_LOOP_ANALYSIS = YES;
				CLANG_WARN_STRICT_PROTOTYPES = YES;
				CLANG_WARN_SUSPICIOUS_MOVE = YES;
				CLANG_WARN_UNGUARDED_AVAILABILITY = YES_AGGRESSIVE;
				CLANG_WARN_UNREACHABLE_CODE = YES;
				CLANG_WARN__DUPLICATE_METHOD_MATCH = YES;
				COPY_PHASE_STRIP = NO;
				DEBUG_INFORMATION_FORMAT = dwarf;
				ENABLE_STRICT_OBJC_MSGSEND = YES;
				ENABLE_TESTABILITY = YES;
				GCC_C_LANGUAGE_STANDARD = gnu11;
				GCC_DYNAMIC_NO_PIC = NO;
				GCC_NO_COMMON_BLOCKS = YES;
				GCC_OPTIMIZATION_LEVEL = 0;
				GCC_PREPROCESSOR_DEFINITIONS = (
					"DEBUG=1",
					"$(inherited)",
				);
				GCC_WARN_64_TO_32_BIT_CONVERSION = YES;
				GCC_WARN_ABOUT_RETURN_TYPE = YES_ERROR;
				GCC_WARN_UNDECLARED_SELECTOR = YES;
				GCC_WARN_UNINITIALIZED_AUTOS = YES_AGGRESSIVE;
				GCC_WARN_UNUSED_FUNCTION = YES;
				GCC_WARN_UNUSED_VARIABLE = YES;
				MTL_ENABLE_DEBUG_INFO = INCLUDE_SOURCE;
				MTL_FAST_MATH = YES;
				ONLY_ACTIVE_ARCH = YES;
				SWIFT_ACTIVE_COMPILATION_CONDITIONS = DEBUG;
				SWIFT_OPTIMIZATION_LEVEL = "-Onone";
			};
			name = Debug;
		};
		6994F20E28B44CD300CE3F55 /* Release */ = {
			isa = XCBuildConfiguration;
			buildSettings = {
				ALWAYS_SEARCH_USER_PATHS = NO;
				CLANG_ANALYZER_NONNULL = YES;
				CLANG_ANALYZER_NUMBER_OBJECT_CONVERSION = YES_AGGRESSIVE;
				CLANG_CXX_LANGUAGE_STANDARD = "gnu++17";
				CLANG_ENABLE_MODULES = YES;
				CLANG_ENABLE_OBJC_ARC = YES;
				CLANG_ENABLE_OBJC_WEAK = YES;
				CLANG_WARN_BLOCK_CAPTURE_AUTORELEASING = YES;
				CLANG_WARN_BOOL_CONVERSION = YES;
				CLANG_WARN_COMMA = YES;
				CLANG_WARN_CONSTANT_CONVERSION = YES;
				CLANG_WARN_DEPRECATED_OBJC_IMPLEMENTATIONS = YES;
				CLANG_WARN_DIRECT_OBJC_ISA_USAGE = YES_ERROR;
				CLANG_WARN_DOCUMENTATION_COMMENTS = YES;
				CLANG_WARN_EMPTY_BODY = YES;
				CLANG_WARN_ENUM_CONVERSION = YES;
				CLANG_WARN_INFINITE_RECURSION = YES;
				CLANG_WARN_INT_CONVERSION = YES;
				CLANG_WARN_NON_LITERAL_NULL_CONVERSION = YES;
				CLANG_WARN_OBJC_IMPLICIT_RETAIN_SELF = YES;
				CLANG_WARN_OBJC_LITERAL_CONVERSION = YES;
				CLANG_WARN_OBJC_ROOT_CLASS = YES_ERROR;
				CLANG_WARN_QUOTED_INCLUDE_IN_FRAMEWORK_HEADER = YES;
				CLANG_WARN_RANGE_LOOP_ANALYSIS = YES;
				CLANG_WARN_STRICT_PROTOTYPES = YES;
				CLANG_WARN_SUSPICIOUS_MOVE = YES;
				CLANG_WARN_UNGUARDED_AVAILABILITY = YES_AGGRESSIVE;
				CLANG_WARN_UNREACHABLE_CODE = YES;
				CLANG_WARN__DUPLICATE_METHOD_MATCH = YES;
				COPY_PHASE_STRIP = NO;
				DEBUG_INFORMATION_FORMAT = "dwarf-with-dsym";
				ENABLE_NS_ASSERTIONS = NO;
				ENABLE_STRICT_OBJC_MSGSEND = YES;
				GCC_C_LANGUAGE_STANDARD = gnu11;
				GCC_NO_COMMON_BLOCKS = YES;
				GCC_WARN_64_TO_32_BIT_CONVERSION = YES;
				GCC_WARN_ABOUT_RETURN_TYPE = YES_ERROR;
				GCC_WARN_UNDECLARED_SELECTOR = YES;
				GCC_WARN_UNINITIALIZED_AUTOS = YES_AGGRESSIVE;
				GCC_WARN_UNUSED_FUNCTION = YES;
				GCC_WARN_UNUSED_VARIABLE = YES;
				MTL_ENABLE_DEBUG_INFO = NO;
				MTL_FAST_MATH = YES;
				SWIFT_COMPILATION_MODE = wholemodule;
				SWIFT_OPTIMIZATION_LEVEL = "-O";
			};
			name = Release;
		};
		6994F21028B44CD300CE3F55 /* Debug */ = {
			isa = XCBuildConfiguration;
			buildSettings = {
				ASSETCATALOG_COMPILER_APPICON_NAME = AppIcon;
				ASSETCATALOG_COMPILER_GLOBAL_ACCENT_COLOR_NAME = AccentColor;
				CODE_SIGN_STYLE = Automatic;
				CURRENT_PROJECT_VERSION = 1;
				ENABLE_PREVIEWS = YES;
				GENERATE_INFOPLIST_FILE = YES;
				INFOPLIST_KEY_UIApplicationSceneManifest_Generation = YES;
				INFOPLIST_KEY_UIApplicationSupportsIndirectInputEvents = YES;
				INFOPLIST_KEY_UILaunchScreen_Generation = YES;
				INFOPLIST_KEY_UISupportedInterfaceOrientations_iPad = "UIInterfaceOrientationPortrait UIInterfaceOrientationPortraitUpsideDown UIInterfaceOrientationLandscapeLeft UIInterfaceOrientationLandscapeRight";
				INFOPLIST_KEY_UISupportedInterfaceOrientations_iPhone = "UIInterfaceOrientationPortrait UIInterfaceOrientationLandscapeLeft UIInterfaceOrientationLandscapeRight";
				IPHONEOS_DEPLOYMENT_TARGET = 15.5;
				LD_RUNPATH_SEARCH_PATHS = (
					"$(inherited)",
					"@executable_path/Frameworks",
				);
				MARKETING_VERSION = 1.0;
				PRODUCT_BUNDLE_IDENTIFIER = celesteduguay.VolleyLink;
				PRODUCT_NAME = VolleyLink;
				SDKROOT = iphoneos;
				SWIFT_EMIT_LOC_STRINGS = YES;
				SWIFT_VERSION = 5.0;
				TARGETED_DEVICE_FAMILY = "1,2";
			};
			name = Debug;
		};
		6994F21128B44CD300CE3F55 /* Release */ = {
			isa = XCBuildConfiguration;
			buildSettings = {
				ASSETCATALOG_COMPILER_APPICON_NAME = AppIcon;
				ASSETCATALOG_COMPILER_GLOBAL_ACCENT_COLOR_NAME = AccentColor;
				CODE_SIGN_STYLE = Automatic;
				CURRENT_PROJECT_VERSION = 1;
				ENABLE_PREVIEWS = YES;
				GENERATE_INFOPLIST_FILE = YES;
				INFOPLIST_KEY_UIApplicationSceneManifest_Generation = YES;
				INFOPLIST_KEY_UIApplicationSupportsIndirectInputEvents = YES;
				INFOPLIST_KEY_UILaunchScreen_Generation = YES;
				INFOPLIST_KEY_UISupportedInterfaceOrientations_iPad = "UIInterfaceOrientationPortrait UIInterfaceOrientationPortraitUpsideDown UIInterfaceOrientationLandscapeLeft UIInterfaceOrientationLandscapeRight";
				INFOPLIST_KEY_UISupportedInterfaceOrientations_iPhone = "UIInterfaceOrientationPortrait UIInterfaceOrientationLandscapeLeft UIInterfaceOrientationLandscapeRight";
				IPHONEOS_DEPLOYMENT_TARGET = 15.5;
				LD_RUNPATH_SEARCH_PATHS = (
					"$(inherited)",
					"@executable_path/Frameworks",
				);
				MARKETING_VERSION = 1.0;
				PRODUCT_BUNDLE_IDENTIFIER = celesteduguay.VolleyLink;
				PRODUCT_NAME = VolleyLink;
				SDKROOT = iphoneos;
				SWIFT_EMIT_LOC_STRINGS = YES;
				SWIFT_VERSION = 5.0;
				TARGETED_DEVICE_FAMILY = "1,2";
				VALIDATE_PRODUCT = YES;
			};
			name = Release;
		};
		6994F21328B44CD300CE3F55 /* Debug */ = {
			isa = XCBuildConfiguration;
			buildSettings = {
				ASSETCATALOG_COMPILER_APPICON_NAME = AppIcon;
				ASSETCATALOG_COMPILER_GLOBAL_ACCENT_COLOR_NAME = AccentColor;
				CODE_SIGN_ENTITLEMENTS = macOS/macOS.entitlements;
				CODE_SIGN_STYLE = Automatic;
				COMBINE_HIDPI_IMAGES = YES;
				CURRENT_PROJECT_VERSION = 1;
				ENABLE_PREVIEWS = YES;
				GENERATE_INFOPLIST_FILE = YES;
				INFOPLIST_KEY_NSHumanReadableCopyright = "";
				LD_RUNPATH_SEARCH_PATHS = (
					"$(inherited)",
					"@executable_path/../Frameworks",
				);
				MACOSX_DEPLOYMENT_TARGET = 12.3;
				MARKETING_VERSION = 1.0;
				PRODUCT_BUNDLE_IDENTIFIER = celesteduguay.VolleyLink;
				PRODUCT_NAME = VolleyLink;
				SDKROOT = macosx;
				SWIFT_EMIT_LOC_STRINGS = YES;
				SWIFT_VERSION = 5.0;
			};
			name = Debug;
		};
		6994F21428B44CD300CE3F55 /* Release */ = {
			isa = XCBuildConfiguration;
			buildSettings = {
				ASSETCATALOG_COMPILER_APPICON_NAME = AppIcon;
				ASSETCATALOG_COMPILER_GLOBAL_ACCENT_COLOR_NAME = AccentColor;
				CODE_SIGN_ENTITLEMENTS = macOS/macOS.entitlements;
				CODE_SIGN_STYLE = Automatic;
				COMBINE_HIDPI_IMAGES = YES;
				CURRENT_PROJECT_VERSION = 1;
				ENABLE_PREVIEWS = YES;
				GENERATE_INFOPLIST_FILE = YES;
				INFOPLIST_KEY_NSHumanReadableCopyright = "";
				LD_RUNPATH_SEARCH_PATHS = (
					"$(inherited)",
					"@executable_path/../Frameworks",
				);
				MACOSX_DEPLOYMENT_TARGET = 12.3;
				MARKETING_VERSION = 1.0;
				PRODUCT_BUNDLE_IDENTIFIER = celesteduguay.VolleyLink;
				PRODUCT_NAME = VolleyLink;
				SDKROOT = macosx;
				SWIFT_EMIT_LOC_STRINGS = YES;
				SWIFT_VERSION = 5.0;
			};
			name = Release;
		};
		6994F21628B44CD300CE3F55 /* Debug */ = {
			isa = XCBuildConfiguration;
			buildSettings = {
				ALWAYS_EMBED_SWIFT_STANDARD_LIBRARIES = YES;
				CODE_SIGN_STYLE = Automatic;
				CURRENT_PROJECT_VERSION = 1;
				GENERATE_INFOPLIST_FILE = YES;
				IPHONEOS_DEPLOYMENT_TARGET = 15.5;
				MARKETING_VERSION = 1.0;
				PRODUCT_BUNDLE_IDENTIFIER = "celesteduguay.Tests-iOS";
				PRODUCT_NAME = "$(TARGET_NAME)";
				SDKROOT = iphoneos;
				SWIFT_EMIT_LOC_STRINGS = NO;
				SWIFT_VERSION = 5.0;
				TARGETED_DEVICE_FAMILY = "1,2";
				TEST_TARGET_NAME = "VolleyLink (iOS)";
			};
			name = Debug;
		};
		6994F21728B44CD300CE3F55 /* Release */ = {
			isa = XCBuildConfiguration;
			buildSettings = {
				ALWAYS_EMBED_SWIFT_STANDARD_LIBRARIES = YES;
				CODE_SIGN_STYLE = Automatic;
				CURRENT_PROJECT_VERSION = 1;
				GENERATE_INFOPLIST_FILE = YES;
				IPHONEOS_DEPLOYMENT_TARGET = 15.5;
				MARKETING_VERSION = 1.0;
				PRODUCT_BUNDLE_IDENTIFIER = "celesteduguay.Tests-iOS";
				PRODUCT_NAME = "$(TARGET_NAME)";
				SDKROOT = iphoneos;
				SWIFT_EMIT_LOC_STRINGS = NO;
				SWIFT_VERSION = 5.0;
				TARGETED_DEVICE_FAMILY = "1,2";
				TEST_TARGET_NAME = "VolleyLink (iOS)";
				VALIDATE_PRODUCT = YES;
			};
			name = Release;
		};
		6994F21928B44CD300CE3F55 /* Debug */ = {
			isa = XCBuildConfiguration;
			buildSettings = {
				ALWAYS_EMBED_SWIFT_STANDARD_LIBRARIES = YES;
				CODE_SIGN_STYLE = Automatic;
				CURRENT_PROJECT_VERSION = 1;
				GENERATE_INFOPLIST_FILE = YES;
				MACOSX_DEPLOYMENT_TARGET = 12.3;
				MARKETING_VERSION = 1.0;
				PRODUCT_BUNDLE_IDENTIFIER = "celesteduguay.Tests-macOS";
				PRODUCT_NAME = "$(TARGET_NAME)";
				SDKROOT = macosx;
				SWIFT_EMIT_LOC_STRINGS = NO;
				SWIFT_VERSION = 5.0;
				TEST_TARGET_NAME = "VolleyLink (macOS)";
			};
			name = Debug;
		};
		6994F21A28B44CD300CE3F55 /* Release */ = {
			isa = XCBuildConfiguration;
			buildSettings = {
				ALWAYS_EMBED_SWIFT_STANDARD_LIBRARIES = YES;
				CODE_SIGN_STYLE = Automatic;
				CURRENT_PROJECT_VERSION = 1;
				GENERATE_INFOPLIST_FILE = YES;
				MACOSX_DEPLOYMENT_TARGET = 12.3;
				MARKETING_VERSION = 1.0;
				PRODUCT_BUNDLE_IDENTIFIER = "celesteduguay.Tests-macOS";
				PRODUCT_NAME = "$(TARGET_NAME)";
				SDKROOT = macosx;
				SWIFT_EMIT_LOC_STRINGS = NO;
				SWIFT_VERSION = 5.0;
				TEST_TARGET_NAME = "VolleyLink (macOS)";
			};
			name = Release;
		};
/* End XCBuildConfiguration section */

/* Begin XCConfigurationList section */
		6994F1DD28B44CCE00CE3F55 /* Build configuration list for PBXProject "VolleyLink" */ = {
			isa = XCConfigurationList;
			buildConfigurations = (
				6994F20D28B44CD300CE3F55 /* Debug */,
				6994F20E28B44CD300CE3F55 /* Release */,
			);
			defaultConfigurationIsVisible = 0;
			defaultConfigurationName = Release;
		};
		6994F20F28B44CD300CE3F55 /* Build configuration list for PBXNativeTarget "VolleyLink (iOS)" */ = {
			isa = XCConfigurationList;
			buildConfigurations = (
				6994F21028B44CD300CE3F55 /* Debug */,
				6994F21128B44CD300CE3F55 /* Release */,
			);
			defaultConfigurationIsVisible = 0;
			defaultConfigurationName = Release;
		};
		6994F21228B44CD300CE3F55 /* Build configuration list for PBXNativeTarget "VolleyLink (macOS)" */ = {
			isa = XCConfigurationList;
			buildConfigurations = (
				6994F21328B44CD300CE3F55 /* Debug */,
				6994F21428B44CD300CE3F55 /* Release */,
			);
			defaultConfigurationIsVisible = 0;
			defaultConfigurationName = Release;
		};
		6994F21528B44CD300CE3F55 /* Build configuration list for PBXNativeTarget "Tests iOS" */ = {
			isa = XCConfigurationList;
			buildConfigurations = (
				6994F21628B44CD300CE3F55 /* Debug */,
				6994F21728B44CD300CE3F55 /* Release */,
			);
			defaultConfigurationIsVisible = 0;
			defaultConfigurationName = Release;
		};
		6994F21828B44CD300CE3F55 /* Build configuration list for PBXNativeTarget "Tests macOS" */ = {
			isa = XCConfigurationList;
			buildConfigurations = (
				6994F21928B44CD300CE3F55 /* Debug */,
				6994F21A28B44CD300CE3F55 /* Release */,
			);
			defaultConfigurationIsVisible = 0;
			defaultConfigurationName = Release;
		};
/* End XCConfigurationList section */
	};
	rootObject = 6994F1DA28B44CCE00CE3F55 /* Project object */;
}
